
Microsoft Visual Studio Solution File, Format Version 12.00
# Visual Studio Version 16
VisualStudioVersion = 16.0.30804.86
MinimumVisualStudioVersion = 10.0.40219.1
Project("{FAE04EC0-301F-11D3-BF4B-00C04F79EFBC}") = "MatchGame", "MatchGame.csproj", "{9522A6FA-A719-4A2B-B340-38232532C8BA}"
EndProject
Global
	GlobalSection(SolutionConfigurationPlatforms) = preSolution
		Debug|Any CPU = Debug|Any CPU
		Release|Any CPU = Release|Any CPU
	EndGlobalSection
	GlobalSection(ProjectConfigurationPlatforms) = postSolution
		{9522A6FA-A719-4A2B-B340-38232532C8BA}.Debug|Any CPU.ActiveCfg = Debug|Any CPU
		{9522A6FA-A719-4A2B-B340-38232532C8BA}.Debug|Any CPU.Build.0 = Debug|Any CPU
		{9522A6FA-A719-4A2B-B340-38232532C8BA}.Release|Any CPU.ActiveCfg = Release|Any CPU
		{9522A6FA-A719-4A2B-B340-38232532C8BA}.Release|Any CPU.Build.0 = Release|Any CPU
	EndGlobalSection
	GlobalSection(SolutionProperties) = preSolution
		HideSolutionNode = FALSE
	EndGlobalSection
	GlobalSection(ExtensibilityGlobals) = postSolution
		SolutionGuid = {499D78BD-0A58-4DDF-A5A6-0E67E7DA8410}
	EndGlobalSection
EndGlobal
